// !$*UTF8*$!
{
	archiveVersion = 1;
	classes = {
	};
	objectVersion = 46;
	objects = {

/* Begin PBXBuildFile section */
		85006C441DA5B86A0061D8C1 /* SecureNote.xcdatamodeld in Sources */ = {isa = PBXBuildFile; fileRef = 85006C421DA5B86A0061D8C1 /* SecureNote.xcdatamodeld */; };
		85006C4A1DA5C67F0061D8C1 /* Note.swift in Sources */ = {isa = PBXBuildFile; fileRef = 85006C491DA5C67F0061D8C1 /* Note.swift */; };
		8562B2651DA6800E0044BF90 /* ListNotesViewController.swift in Sources */ = {isa = PBXBuildFile; fileRef = 8562B2641DA6800E0044BF90 /* ListNotesViewController.swift */; };
		8562B2671DA683470044BF90 /* CoreDataService.swift in Sources */ = {isa = PBXBuildFile; fileRef = 8562B2661DA683470044BF90 /* CoreDataService.swift */; };
		8562B2691DA6A8EA0044BF90 /* NoteTableViewCell.xib in Resources */ = {isa = PBXBuildFile; fileRef = 8562B2681DA6A8EA0044BF90 /* NoteTableViewCell.xib */; };
		858166FA1D9C879500D50202 /* AppDelegate.swift in Sources */ = {isa = PBXBuildFile; fileRef = 858166F91D9C879500D50202 /* AppDelegate.swift */; };
		858166FC1D9C879500D50202 /* EditNoteViewController.swift in Sources */ = {isa = PBXBuildFile; fileRef = 858166FB1D9C879500D50202 /* EditNoteViewController.swift */; };
		858166FF1D9C879500D50202 /* Main.storyboard in Resources */ = {isa = PBXBuildFile; fileRef = 858166FD1D9C879500D50202 /* Main.storyboard */; };
		858167011D9C879500D50202 /* Assets.xcassets in Resources */ = {isa = PBXBuildFile; fileRef = 858167001D9C879500D50202 /* Assets.xcassets */; };
		858167041D9C879500D50202 /* LaunchScreen.storyboard in Resources */ = {isa = PBXBuildFile; fileRef = 858167021D9C879500D50202 /* LaunchScreen.storyboard */; };
		8581670F1D9C879500D50202 /* SecureNoteTests.swift in Sources */ = {isa = PBXBuildFile; fileRef = 8581670E1D9C879500D50202 /* SecureNoteTests.swift */; };
/* End PBXBuildFile section */

/* Begin PBXContainerItemProxy section */
		8581670B1D9C879500D50202 /* PBXContainerItemProxy */ = {
			isa = PBXContainerItemProxy;
			containerPortal = 858166EE1D9C879500D50202 /* Project object */;
			proxyType = 1;
			remoteGlobalIDString = 858166F51D9C879500D50202;
			remoteInfo = SecureNote;
		};
/* End PBXContainerItemProxy section */

/* Begin PBXFileReference section */
		85006C431DA5B86A0061D8C1 /* SecureNote.xcdatamodel */ = {isa = PBXFileReference; lastKnownFileType = wrapper.xcdatamodel; path = SecureNote.xcdatamodel; sourceTree = "<group>"; };
		85006C491DA5C67F0061D8C1 /* Note.swift */ = {isa = PBXFileReference; fileEncoding = 4; lastKnownFileType = sourcecode.swift; path = Note.swift; sourceTree = "<group>"; };
		8562B2641DA6800E0044BF90 /* ListNotesViewController.swift */ = {isa = PBXFileReference; fileEncoding = 4; lastKnownFileType = sourcecode.swift; path = ListNotesViewController.swift; sourceTree = "<group>"; };
		8562B2661DA683470044BF90 /* CoreDataService.swift */ = {isa = PBXFileReference; fileEncoding = 4; lastKnownFileType = sourcecode.swift; path = CoreDataService.swift; sourceTree = "<group>"; };
		8562B2681DA6A8EA0044BF90 /* NoteTableViewCell.xib */ = {isa = PBXFileReference; fileEncoding = 4; lastKnownFileType = file.xib; path = NoteTableViewCell.xib; sourceTree = "<group>"; };
		858166F61D9C879500D50202 /* SecureNote.app */ = {isa = PBXFileReference; explicitFileType = wrapper.application; includeInIndex = 0; path = SecureNote.app; sourceTree = BUILT_PRODUCTS_DIR; };
		858166F91D9C879500D50202 /* AppDelegate.swift */ = {isa = PBXFileReference; lastKnownFileType = sourcecode.swift; path = AppDelegate.swift; sourceTree = "<group>"; };
		858166FB1D9C879500D50202 /* EditNoteViewController.swift */ = {isa = PBXFileReference; lastKnownFileType = sourcecode.swift; path = EditNoteViewController.swift; sourceTree = "<group>"; };
		858166FE1D9C879500D50202 /* Base */ = {isa = PBXFileReference; lastKnownFileType = file.storyboard; name = Base; path = Base.lproj/Main.storyboard; sourceTree = "<group>"; };
		858167001D9C879500D50202 /* Assets.xcassets */ = {isa = PBXFileReference; lastKnownFileType = folder.assetcatalog; path = Assets.xcassets; sourceTree = "<group>"; };
		858167031D9C879500D50202 /* Base */ = {isa = PBXFileReference; lastKnownFileType = file.storyboard; name = Base; path = Base.lproj/LaunchScreen.storyboard; sourceTree = "<group>"; };
		858167051D9C879500D50202 /* Info.plist */ = {isa = PBXFileReference; lastKnownFileType = text.plist.xml; path = Info.plist; sourceTree = "<group>"; };
		8581670A1D9C879500D50202 /* SecureNoteTests.xctest */ = {isa = PBXFileReference; explicitFileType = wrapper.cfbundle; includeInIndex = 0; path = SecureNoteTests.xctest; sourceTree = BUILT_PRODUCTS_DIR; };
		8581670E1D9C879500D50202 /* SecureNoteTests.swift */ = {isa = PBXFileReference; lastKnownFileType = sourcecode.swift; path = SecureNoteTests.swift; sourceTree = "<group>"; };
		858167101D9C879500D50202 /* Info.plist */ = {isa = PBXFileReference; lastKnownFileType = text.plist.xml; path = Info.plist; sourceTree = "<group>"; };
/* End PBXFileReference section */

/* Begin PBXFrameworksBuildPhase section */
		858166F31D9C879500D50202 /* Frameworks */ = {
			isa = PBXFrameworksBuildPhase;
			buildActionMask = 2147483647;
			files = (
			);
			runOnlyForDeploymentPostprocessing = 0;
		};
		858167071D9C879500D50202 /* Frameworks */ = {
			isa = PBXFrameworksBuildPhase;
			buildActionMask = 2147483647;
			files = (
			);
			runOnlyForDeploymentPostprocessing = 0;
		};
/* End PBXFrameworksBuildPhase section */

/* Begin PBXGroup section */
		858166ED1D9C879500D50202 = {
			isa = PBXGroup;
			children = (
				858166F81D9C879500D50202 /* SecureNote */,
				8581670D1D9C879500D50202 /* SecureNoteTests */,
				858166F71D9C879500D50202 /* Products */,
			);
			sourceTree = "<group>";
		};
		858166F71D9C879500D50202 /* Products */ = {
			isa = PBXGroup;
			children = (
				858166F61D9C879500D50202 /* SecureNote.app */,
				8581670A1D9C879500D50202 /* SecureNoteTests.xctest */,
			);
			name = Products;
			sourceTree = "<group>";
		};
		858166F81D9C879500D50202 /* SecureNote */ = {
			isa = PBXGroup;
			children = (
				858166F91D9C879500D50202 /* AppDelegate.swift */,
				858166FB1D9C879500D50202 /* EditNoteViewController.swift */,
				858166FD1D9C879500D50202 /* Main.storyboard */,
				858167001D9C879500D50202 /* Assets.xcassets */,
				858167021D9C879500D50202 /* LaunchScreen.storyboard */,
				858167051D9C879500D50202 /* Info.plist */,
				85006C421DA5B86A0061D8C1 /* SecureNote.xcdatamodeld */,
				85006C491DA5C67F0061D8C1 /* Note.swift */,
				8562B2641DA6800E0044BF90 /* ListNotesViewController.swift */,
				8562B2661DA683470044BF90 /* CoreDataService.swift */,
				8562B2681DA6A8EA0044BF90 /* NoteTableViewCell.xib */,
			);
			path = SecureNote;
			sourceTree = "<group>";
		};
		8581670D1D9C879500D50202 /* SecureNoteTests */ = {
			isa = PBXGroup;
			children = (
				8581670E1D9C879500D50202 /* SecureNoteTests.swift */,
				858167101D9C879500D50202 /* Info.plist */,
			);
			path = SecureNoteTests;
			sourceTree = "<group>";
		};
/* End PBXGroup section */

/* Begin PBXNativeTarget section */
		858166F51D9C879500D50202 /* SecureNote */ = {
			isa = PBXNativeTarget;
			buildConfigurationList = 858167131D9C879500D50202 /* Build configuration list for PBXNativeTarget "SecureNote" */;
			buildPhases = (
				858166F21D9C879500D50202 /* Sources */,
				858166F31D9C879500D50202 /* Frameworks */,
				858166F41D9C879500D50202 /* Resources */,
			);
			buildRules = (
			);
			dependencies = (
			);
			name = SecureNote;
			productName = SecureNote;
			productReference = 858166F61D9C879500D50202 /* SecureNote.app */;
			productType = "com.apple.product-type.application";
		};
		858167091D9C879500D50202 /* SecureNoteTests */ = {
			isa = PBXNativeTarget;
			buildConfigurationList = 858167161D9C879500D50202 /* Build configuration list for PBXNativeTarget "SecureNoteTests" */;
			buildPhases = (
				858167061D9C879500D50202 /* Sources */,
				858167071D9C879500D50202 /* Frameworks */,
				858167081D9C879500D50202 /* Resources */,
			);
			buildRules = (
			);
			dependencies = (
				8581670C1D9C879500D50202 /* PBXTargetDependency */,
			);
			name = SecureNoteTests;
			productName = SecureNoteTests;
			productReference = 8581670A1D9C879500D50202 /* SecureNoteTests.xctest */;
			productType = "com.apple.product-type.bundle.unit-test";
		};
/* End PBXNativeTarget section */

/* Begin PBXProject section */
		858166EE1D9C879500D50202 /* Project object */ = {
			isa = PBXProject;
			attributes = {
				LastSwiftUpdateCheck = 0800;
				LastUpgradeCheck = 0800;
				ORGANIZATIONNAME = ThoughtWorks;
				TargetAttributes = {
					858166F51D9C879500D50202 = {
						CreatedOnToolsVersion = 8.0;
						DevelopmentTeam = 86U64JGRCC;
						ProvisioningStyle = Automatic;
					};
					858167091D9C879500D50202 = {
						CreatedOnToolsVersion = 8.0;
						DevelopmentTeam = 86U64JGRCC;
						ProvisioningStyle = Automatic;
						TestTargetID = 858166F51D9C879500D50202;
					};
				};
			};
			buildConfigurationList = 858166F11D9C879500D50202 /* Build configuration list for PBXProject "SecureNote" */;
			compatibilityVersion = "Xcode 3.2";
			developmentRegion = English;
			hasScannedForEncodings = 0;
			knownRegions = (
				en,
				Base,
			);
			mainGroup = 858166ED1D9C879500D50202;
			productRefGroup = 858166F71D9C879500D50202 /* Products */;
			projectDirPath = "";
			projectRoot = "";
			targets = (
				858166F51D9C879500D50202 /* SecureNote */,
				858167091D9C879500D50202 /* SecureNoteTests */,
			);
		};
/* End PBXProject section */

/* Begin PBXResourcesBuildPhase section */
		858166F41D9C879500D50202 /* Resources */ = {
			isa = PBXResourcesBuildPhase;
			buildActionMask = 2147483647;
			files = (
				858167041D9C879500D50202 /* LaunchScreen.storyboard in Resources */,
				858167011D9C879500D50202 /* Assets.xcassets in Resources */,
				858166FF1D9C879500D50202 /* Main.storyboard in Resources */,
				8562B2691DA6A8EA0044BF90 /* NoteTableViewCell.xib in Resources */,
			);
			runOnlyForDeploymentPostprocessing = 0;
		};
		858167081D9C879500D50202 /* Resources */ = {
			isa = PBXResourcesBuildPhase;
			buildActionMask = 2147483647;
			files = (
			);
			runOnlyForDeploymentPostprocessing = 0;
		};
/* End PBXResourcesBuildPhase section */

/* Begin PBXSourcesBuildPhase section */
		858166F21D9C879500D50202 /* Sources */ = {
			isa = PBXSourcesBuildPhase;
			buildActionMask = 2147483647;
			files = (
				8562B2671DA683470044BF90 /* CoreDataService.swift in Sources */,
				85006C4A1DA5C67F0061D8C1 /* Note.swift in Sources */,
				8562B2651DA6800E0044BF90 /* ListNotesViewController.swift in Sources */,
				858166FC1D9C879500D50202 /* EditNoteViewController.swift in Sources */,
				85006C441DA5B86A0061D8C1 /* SecureNote.xcdatamodeld in Sources */,
				858166FA1D9C879500D50202 /* AppDelegate.swift in Sources */,
			);
			runOnlyForDeploymentPostprocessing = 0;
		};
		858167061D9C879500D50202 /* Sources */ = {
			isa = PBXSourcesBuildPhase;
			buildActionMask = 2147483647;
			files = (
				8581670F1D9C879500D50202 /* SecureNoteTests.swift in Sources */,
			);
			runOnlyForDeploymentPostprocessing = 0;
		};
/* End PBXSourcesBuildPhase section */

/* Begin PBXTargetDependency section */
		8581670C1D9C879500D50202 /* PBXTargetDependency */ = {
			isa = PBXTargetDependency;
			target = 858166F51D9C879500D50202 /* SecureNote */;
			targetProxy = 8581670B1D9C879500D50202 /* PBXContainerItemProxy */;
		};
/* End PBXTargetDependency section */

/* Begin PBXVariantGroup section */
		858166FD1D9C879500D50202 /* Main.storyboard */ = {
			isa = PBXVariantGroup;
			children = (
				858166FE1D9C879500D50202 /* Base */,
			);
			name = Main.storyboard;
			sourceTree = "<group>";
		};
		858167021D9C879500D50202 /* LaunchScreen.storyboard */ = {
			isa = PBXVariantGroup;
			children = (
				858167031D9C879500D50202 /* Base */,
			);
			name = LaunchScreen.storyboard;
			sourceTree = "<group>";
		};
/* End PBXVariantGroup section */

/* Begin XCBuildConfiguration section */
		858167111D9C879500D50202 /* Debug */ = {
			isa = XCBuildConfiguration;
			buildSettings = {
				ALWAYS_SEARCH_USER_PATHS = NO;
				CLANG_ANALYZER_NONNULL = YES;
				CLANG_CXX_LANGUAGE_STANDARD = "gnu++0x";
				CLANG_CXX_LIBRARY = "libc++";
				CLANG_ENABLE_MODULES = YES;
				CLANG_ENABLE_OBJC_ARC = YES;
				CLANG_WARN_BOOL_CONVERSION = YES;
				CLANG_WARN_CONSTANT_CONVERSION = YES;
				CLANG_WARN_DIRECT_OBJC_ISA_USAGE = YES_ERROR;
				CLANG_WARN_DOCUMENTATION_COMMENTS = YES;
				CLANG_WARN_EMPTY_BODY = YES;
				CLANG_WARN_ENUM_CONVERSION = YES;
				CLANG_WARN_INFINITE_RECURSION = YES;
				CLANG_WARN_INT_CONVERSION = YES;
				CLANG_WARN_OBJC_ROOT_CLASS = YES_ERROR;
				CLANG_WARN_SUSPICIOUS_MOVES = YES;
				CLANG_WARN_UNREACHABLE_CODE = YES;
				CLANG_WARN__DUPLICATE_METHOD_MATCH = YES;
				"CODE_SIGN_IDENTITY[sdk=iphoneos*]" = "iPhone Developer";
				COPY_PHASE_STRIP = NO;
				DEBUG_INFORMATION_FORMAT = dwarf;
				ENABLE_STRICT_OBJC_MSGSEND = YES;
				ENABLE_TESTABILITY = YES;
				GCC_C_LANGUAGE_STANDARD = gnu99;
				GCC_DYNAMIC_NO_PIC = NO;
				GCC_NO_COMMON_BLOCKS = YES;
				GCC_OPTIMIZATION_LEVEL = 0;
				GCC_PREPROCESSOR_DEFINITIONS = (
					"DEBUG=1",
					"$(inherited)",
				);
				GCC_WARN_64_TO_32_BIT_CONVERSION = YES;
				GCC_WARN_ABOUT_RETURN_TYPE = YES_ERROR;
				GCC_WARN_UNDECLARED_SELECTOR = YES;
				GCC_WARN_UNINITIALIZED_AUTOS = YES_AGGRESSIVE;
				GCC_WARN_UNUSED_FUNCTION = YES;
				GCC_WARN_UNUSED_VARIABLE = YES;
				IPHONEOS_DEPLOYMENT_TARGET = 10.0;
				MTL_ENABLE_DEBUG_INFO = YES;
				ONLY_ACTIVE_ARCH = YES;
				SDKROOT = iphoneos;
				SWIFT_ACTIVE_COMPILATION_CONDITIONS = DEBUG;
				SWIFT_OPTIMIZATION_LEVEL = "-Onone";
				TARGETED_DEVICE_FAMILY = "1,2";
			};
			name = Debug;
		};
		858167121D9C879500D50202 /* Release */ = {
			isa = XCBuildConfiguration;
			buildSettings = {
				ALWAYS_SEARCH_USER_PATHS = NO;
				CLANG_ANALYZER_NONNULL = YES;
				CLANG_CXX_LANGUAGE_STANDARD = "gnu++0x";
				CLANG_CXX_LIBRARY = "libc++";
				CLANG_ENABLE_MODULES = YES;
				CLANG_ENABLE_OBJC_ARC = YES;
				CLANG_WARN_BOOL_CONVERSION = YES;
				CLANG_WARN_CONSTANT_CONVERSION = YES;
				CLANG_WARN_DIRECT_OBJC_ISA_USAGE = YES_ERROR;
				CLANG_WARN_DOCUMENTATION_COMMENTS = YES;
				CLANG_WARN_EMPTY_BODY = YES;
				CLANG_WARN_ENUM_CONVERSION = YES;
				CLANG_WARN_INFINITE_RECURSION = YES;
				CLANG_WARN_INT_CONVERSION = YES;
				CLANG_WARN_OBJC_ROOT_CLASS = YES_ERROR;
				CLANG_WARN_SUSPICIOUS_MOVES = YES;
				CLANG_WARN_UNREACHABLE_CODE = YES;
				CLANG_WARN__DUPLICATE_METHOD_MATCH = YES;
				"CODE_SIGN_IDENTITY[sdk=iphoneos*]" = "iPhone Developer";
				COPY_PHASE_STRIP = NO;
				DEBUG_INFORMATION_FORMAT = "dwarf-with-dsym";
				ENABLE_NS_ASSERTIONS = NO;
				ENABLE_STRICT_OBJC_MSGSEND = YES;
				GCC_C_LANGUAGE_STANDARD = gnu99;
				GCC_NO_COMMON_BLOCKS = YES;
				GCC_WARN_64_TO_32_BIT_CONVERSION = YES;
				GCC_WARN_ABOUT_RETURN_TYPE = YES_ERROR;
				GCC_WARN_UNDECLARED_SELECTOR = YES;
				GCC_WARN_UNINITIALIZED_AUTOS = YES_AGGRESSIVE;
				GCC_WARN_UNUSED_FUNCTION = YES;
				GCC_WARN_UNUSED_VARIABLE = YES;
				IPHONEOS_DEPLOYMENT_TARGET = 10.0;
				MTL_ENABLE_DEBUG_INFO = NO;
				SDKROOT = iphoneos;
				SWIFT_OPTIMIZATION_LEVEL = "-Owholemodule";
				TARGETED_DEVICE_FAMILY = "1,2";
				VALIDATE_PRODUCT = YES;
			};
			name = Release;
		};
		858167141D9C879500D50202 /* Debug */ = {
			isa = XCBuildConfiguration;
			buildSettings = {
				ASSETCATALOG_COMPILER_APPICON_NAME = AppIcon;
				DEVELOPMENT_TEAM = 86U64JGRCC;
				INFOPLIST_FILE = SecureNote/Info.plist;
				LD_RUNPATH_SEARCH_PATHS = "$(inherited) @executable_path/Frameworks";
				PRODUCT_BUNDLE_IDENTIFIER = com.thoughtworks.SecureNote;
				PRODUCT_NAME = "$(TARGET_NAME)";
				SWIFT_VERSION = 3.0;
			};
			name = Debug;
		};
		858167151D9C879500D50202 /* Release */ = {
			isa = XCBuildConfiguration;
			buildSettings = {
				ASSETCATALOG_COMPILER_APPICON_NAME = AppIcon;
				DEVELOPMENT_TEAM = 86U64JGRCC;
				INFOPLIST_FILE = SecureNote/Info.plist;
				LD_RUNPATH_SEARCH_PATHS = "$(inherited) @executable_path/Frameworks";
				PRODUCT_BUNDLE_IDENTIFIER = com.thoughtworks.SecureNote;
				PRODUCT_NAME = "$(TARGET_NAME)";
				SWIFT_VERSION = 3.0;
			};
			name = Release;
		};
		858167171D9C879500D50202 /* Debug */ = {
			isa = XCBuildConfiguration;
			buildSettings = {
				ALWAYS_EMBED_SWIFT_STANDARD_LIBRARIES = YES;
				BUNDLE_LOADER = "$(TEST_HOST)";
				DEVELOPMENT_TEAM = 86U64JGRCC;
				INFOPLIST_FILE = SecureNoteTests/Info.plist;
				LD_RUNPATH_SEARCH_PATHS = "$(inherited) @executable_path/Frameworks @loader_path/Frameworks";
				PRODUCT_BUNDLE_IDENTIFIER = com.thoughtworks.SecureNoteTests;
				PRODUCT_NAME = "$(TARGET_NAME)";
				SWIFT_VERSION = 3.0;
				TEST_HOST = "$(BUILT_PRODUCTS_DIR)/SecureNote.app/SecureNote";
			};
			name = Debug;
		};
		858167181D9C879500D50202 /* Release */ = {
			isa = XCBuildConfiguration;
			buildSettings = {
				ALWAYS_EMBED_SWIFT_STANDARD_LIBRARIES = YES;
				BUNDLE_LOADER = "$(TEST_HOST)";
				DEVELOPMENT_TEAM = 86U64JGRCC;
				INFOPLIST_FILE = SecureNoteTests/Info.plist;
				LD_RUNPATH_SEARCH_PATHS = "$(inherited) @executable_path/Frameworks @loader_path/Frameworks";
				PRODUCT_BUNDLE_IDENTIFIER = com.thoughtworks.SecureNoteTests;
				PRODUCT_NAME = "$(TARGET_NAME)";
				SWIFT_VERSION = 3.0;
				TEST_HOST = "$(BUILT_PRODUCTS_DIR)/SecureNote.app/SecureNote";
			};
			name = Release;
		};
/* End XCBuildConfiguration section */

/* Begin XCConfigurationList section */
		858166F11D9C879500D50202 /* Build configuration list for PBXProject "SecureNote" */ = {
			isa = XCConfigurationList;
			buildConfigurations = (
				858167111D9C879500D50202 /* Debug */,
				858167121D9C879500D50202 /* Release */,
			);
			defaultConfigurationIsVisible = 0;
			defaultConfigurationName = Release;
		};
		858167131D9C879500D50202 /* Build configuration list for PBXNativeTarget "SecureNote" */ = {
			isa = XCConfigurationList;
			buildConfigurations = (
				858167141D9C879500D50202 /* Debug */,
				858167151D9C879500D50202 /* Release */,
			);
			defaultConfigurationIsVisible = 0;
			defaultConfigurationName = Release;
		};
		858167161D9C879500D50202 /* Build configuration list for PBXNativeTarget "SecureNoteTests" */ = {
			isa = XCConfigurationList;
			buildConfigurations = (
				858167171D9C879500D50202 /* Debug */,
				858167181D9C879500D50202 /* Release */,
			);
			defaultConfigurationIsVisible = 0;
			defaultConfigurationName = Release;
		};
/* End XCConfigurationList section */

/* Begin XCVersionGroup section */
		85006C421DA5B86A0061D8C1 /* SecureNote.xcdatamodeld */ = {
			isa = XCVersionGroup;
			children = (
				85006C431DA5B86A0061D8C1 /* SecureNote.xcdatamodel */,
			);
			currentVersion = 85006C431DA5B86A0061D8C1 /* SecureNote.xcdatamodel */;
			path = SecureNote.xcdatamodeld;
			sourceTree = "<group>";
			versionGroupType = wrapper.xcdatamodel;
		};
/* End XCVersionGroup section */
	};
	rootObject = 858166EE1D9C879500D50202 /* Project object */;
}
